
Microsoft Visual Studio Solution File, Format Version 12.00
# Visual Studio Version 16
VisualStudioVersion = 16.0.28922.388
MinimumVisualStudioVersion = 10.0.40219.1
Project("{FAE04EC0-301F-11D3-BF4B-00C04F79EFBC}") = "MvcMovies", "MvcMovies.csproj", "{CA96ADB4-590A-4946-A2D1-F0636D54CB7A}"
EndProject
Global
	GlobalSection(SolutionConfigurationPlatforms) = preSolution
		Debug|Any CPU = Debug|Any CPU
		Release|Any CPU = Release|Any CPU
	EndGlobalSection
	GlobalSection(ProjectConfigurationPlatforms) = postSolution
		{CA96ADB4-590A-4946-A2D1-F0636D54CB7A}.Debug|Any CPU.ActiveCfg = Debug|Any CPU
		{CA96ADB4-590A-4946-A2D1-F0636D54CB7A}.Debug|Any CPU.Build.0 = Debug|Any CPU
		{CA96ADB4-590A-4946-A2D1-F0636D54CB7A}.Release|Any CPU.ActiveCfg = Release|Any CPU
		{CA96ADB4-590A-4946-A2D1-F0636D54CB7A}.Release|Any CPU.Build.0 = Release|Any CPU
	EndGlobalSection
	GlobalSection(SolutionProperties) = preSolution
		HideSolutionNode = FALSE
	EndGlobalSection
	GlobalSection(ExtensibilityGlobals) = postSolution
		SolutionGuid = {F109DDA1-1161-405D-8833-C7A07087ED03}
	EndGlobalSection
EndGlobal
