
Microsoft Visual Studio Solution File, Format Version 12.00
# Visual Studio 15
VisualStudioVersion = 15.0.28010.2050
MinimumVisualStudioVersion = 10.0.40219.1
Project("{FAE04EC0-301F-11D3-BF4B-00C04F79EFBC}") = "CoreWebAppExp1", "CoreWebAppExp1\CoreWebAppExp1.csproj", "{3BF0ABE2-0A4D-480F-8B55-64D2E642685A}"
EndProject
Global
	GlobalSection(SolutionConfigurationPlatforms) = preSolution
		Debug|Any CPU = Debug|Any CPU
		Release|Any CPU = Release|Any CPU
	EndGlobalSection
	GlobalSection(ProjectConfigurationPlatforms) = postSolution
		{3BF0ABE2-0A4D-480F-8B55-64D2E642685A}.Debug|Any CPU.ActiveCfg = Debug|Any CPU
		{3BF0ABE2-0A4D-480F-8B55-64D2E642685A}.Debug|Any CPU.Build.0 = Debug|Any CPU
		{3BF0ABE2-0A4D-480F-8B55-64D2E642685A}.Release|Any CPU.ActiveCfg = Release|Any CPU
		{3BF0ABE2-0A4D-480F-8B55-64D2E642685A}.Release|Any CPU.Build.0 = Release|Any CPU
	EndGlobalSection
	GlobalSection(SolutionProperties) = preSolution
		HideSolutionNode = FALSE
	EndGlobalSection
	GlobalSection(ExtensibilityGlobals) = postSolution
		SolutionGuid = {CE586C4B-91FA-4101-A1D7-44A66721B77B}
	EndGlobalSection
EndGlobal
