
Microsoft Visual Studio Solution File, Format Version 12.00
# Visual Studio Version 16
VisualStudioVersion = 16.0.28922.388
MinimumVisualStudioVersion = 10.0.40219.1
Project("{FAE04EC0-301F-11D3-BF4B-00C04F79EFBC}") = "MvcMovieRedux", "MvcMovieRedux.csproj", "{35CE8A28-7C2D-49D4-BCE3-308E90D68FAA}"
EndProject
Global
	GlobalSection(SolutionConfigurationPlatforms) = preSolution
		Debug|Any CPU = Debug|Any CPU
		Release|Any CPU = Release|Any CPU
	EndGlobalSection
	GlobalSection(ProjectConfigurationPlatforms) = postSolution
		{35CE8A28-7C2D-49D4-BCE3-308E90D68FAA}.Debug|Any CPU.ActiveCfg = Debug|Any CPU
		{35CE8A28-7C2D-49D4-BCE3-308E90D68FAA}.Debug|Any CPU.Build.0 = Debug|Any CPU
		{35CE8A28-7C2D-49D4-BCE3-308E90D68FAA}.Release|Any CPU.ActiveCfg = Release|Any CPU
		{35CE8A28-7C2D-49D4-BCE3-308E90D68FAA}.Release|Any CPU.Build.0 = Release|Any CPU
	EndGlobalSection
	GlobalSection(SolutionProperties) = preSolution
		HideSolutionNode = FALSE
	EndGlobalSection
	GlobalSection(ExtensibilityGlobals) = postSolution
		SolutionGuid = {13ADEFDE-564E-4CC8-ACCF-A94C2916CA34}
	EndGlobalSection
EndGlobal
