
Microsoft Visual Studio Solution File, Format Version 12.00
# Visual Studio 15
Project("{FAE04EC0-301F-11D3-BF4B-00C04F79EFBC}") = "BigProject", "BigProject\BigProject.csproj", "{83DDA189-6037-427E-9AC8-4C99D770CCFD}"
EndProject
Global
	GlobalSection(SolutionConfigurationPlatforms) = preSolution
		Debug|Any CPU = Debug|Any CPU
		Release|Any CPU = Release|Any CPU
	EndGlobalSection
	GlobalSection(ProjectConfigurationPlatforms) = postSolution
		{83DDA189-6037-427E-9AC8-4C99D770CCFD}.Debug|Any CPU.ActiveCfg = Debug|Any CPU
		{83DDA189-6037-427E-9AC8-4C99D770CCFD}.Debug|Any CPU.Build.0 = Debug|Any CPU
		{83DDA189-6037-427E-9AC8-4C99D770CCFD}.Release|Any CPU.ActiveCfg = Release|Any CPU
		{83DDA189-6037-427E-9AC8-4C99D770CCFD}.Release|Any CPU.Build.0 = Release|Any CPU
	EndGlobalSection
EndGlobal
